# This file is generated by running "yarn install" inside your project.
# Manual changes might be lost - proceed with caution!

__metadata:
  version: 4

"whitelist@workspace:.":
  version: 0.0.0-use.local
  resolution: "whitelist@workspace:."
  dependencies:
    jquery: ^3.5.1
    typeahead.js: ^0.11.1
  languageName: unknown
  linkType: soft

"jquery@npm:>=1.7, jquery@npm:^3.5.1":
  version: 3.5.1
  resolution: "jquery@npm:3.5.1"
  checksum: 3/c50818c84837902a60938c85786feb612f346a9918f7285409d605449460790b3815ad8aaf5806f19e89f1a79b27d327802b421ab354fe213f3fd1801e3562e6
  languageName: node
  linkType: hard

"typeahead.js@npm:^0.11.1":
  version: 0.11.1
  resolution: "typeahead.js@npm:0.11.1"
  dependencies:
    jquery: ">=1.7"
  checksum: 3/6d7b41e503b116b504c0c29043a3229c25e9defd3414652c1431acf2822134e794d6026b46be31fa25f0b710bdf4c49c632f610607e709dd8cf2d13a010e3b37
  languageName: node
  linkType: hard
